
Microsoft Visual Studio Solution File, Format Version 12.00
# Visual Studio 15
VisualStudioVersion = 15.0.28307.960
MinimumVisualStudioVersion = 10.0.40219.1
Project("{9A19103F-16F7-4668-BE54-9A1E7A4F7556}") = "Food", "Food\Food.csproj", "{6103023F-1697-49F7-8733-CE5C19045210}"
EndProject
Project("{9A19103F-16F7-4668-BE54-9A1E7A4F7556}") = "FoodCore", "FoodCore\FoodCore.csproj", "{91437F7F-5033-48AC-9218-A28EE1E4E582}"
EndProject
Project("{FAE04EC0-301F-11D3-BF4B-00C04F79EFBC}") = "OdtFood", "OdtFood\OdtFood.csproj", "{A0EB37DF-60CD-46C9-B2E1-F2281C3CA28A}"
EndProject
Global
	GlobalSection(SolutionConfigurationPlatforms) = preSolution
		Debug|Any CPU = Debug|Any CPU
		Release|Any CPU = Release|Any CPU
	EndGlobalSection
	GlobalSection(ProjectConfigurationPlatforms) = postSolution
		{6103023F-1697-49F7-8733-CE5C19045210}.Debug|Any CPU.ActiveCfg = Debug|Any CPU
		{6103023F-1697-49F7-8733-CE5C19045210}.Debug|Any CPU.Build.0 = Debug|Any CPU
		{6103023F-1697-49F7-8733-CE5C19045210}.Release|Any CPU.ActiveCfg = Release|Any CPU
		{6103023F-1697-49F7-8733-CE5C19045210}.Release|Any CPU.Build.0 = Release|Any CPU
		{91437F7F-5033-48AC-9218-A28EE1E4E582}.Debug|Any CPU.ActiveCfg = Debug|Any CPU
		{91437F7F-5033-48AC-9218-A28EE1E4E582}.Debug|Any CPU.Build.0 = Debug|Any CPU
		{91437F7F-5033-48AC-9218-A28EE1E4E582}.Release|Any CPU.ActiveCfg = Release|Any CPU
		{91437F7F-5033-48AC-9218-A28EE1E4E582}.Release|Any CPU.Build.0 = Release|Any CPU
		{A0EB37DF-60CD-46C9-B2E1-F2281C3CA28A}.Debug|Any CPU.ActiveCfg = Debug|Any CPU
		{A0EB37DF-60CD-46C9-B2E1-F2281C3CA28A}.Debug|Any CPU.Build.0 = Debug|Any CPU
		{A0EB37DF-60CD-46C9-B2E1-F2281C3CA28A}.Release|Any CPU.ActiveCfg = Release|Any CPU
		{A0EB37DF-60CD-46C9-B2E1-F2281C3CA28A}.Release|Any CPU.Build.0 = Release|Any CPU
	EndGlobalSection
	GlobalSection(SolutionProperties) = preSolution
		HideSolutionNode = FALSE
	EndGlobalSection
	GlobalSection(ExtensibilityGlobals) = postSolution
		SolutionGuid = {DFB15874-371A-4094-A7C3-F4BE73396DA2}
	EndGlobalSection
EndGlobal
